{
  "nodes": {
    "fake6502": {
      "inputs": {
        "nixpkgs": "nixpkgs"
      },
      "locked": {
        "lastModified": 1671818279,
        "narHash": "sha256-AJd9jDbTu28/+6f7Fu3Lm4jt+vpqJBcfZRnd0cKNJnA=",
        "owner": "mattmelling",
        "repo": "fake6502",
        "rev": "ef71e2f7617bbb79e7b5673ee63cebdea3ecae0a",
        "type": "github"
      },
      "original": {
        "owner": "mattmelling",
        "repo": "fake6502",
        "type": "github"
      }
    },
    "nixpkgs": {
      "locked": {
        "lastModified": 0,
        "narHash": "sha256-oXB5ja4SdmnPowBIAmEsgfrx8HPziEs6GXoy1mJ4eRI=",
        "path": "/nix/store/3p37fyinfd98n3z4ybb7awxm5561xc2b-source",
        "type": "path"
      },
      "original": {
        "id": "nixpkgs",
        "type": "indirect"
      }
    },
    "nixpkgs_2": {
      "locked": {
        "lastModified": 0,
        "narHash": "sha256-oXB5ja4SdmnPowBIAmEsgfrx8HPziEs6GXoy1mJ4eRI=",
        "path": "/nix/store/3p37fyinfd98n3z4ybb7awxm5561xc2b-source",
        "type": "path"
      },
      "original": {
        "id": "nixpkgs",
        "type": "indirect"
      }
    },
    "root": {
      "inputs": {
        "fake6502": "fake6502",
        "nixpkgs": "nixpkgs_2"
      }
    }
  },
  "root": "root",
  "version": 7
}
