{
  "nodes": {
    "fake6502": {
      "inputs": {
        "nixpkgs": "nixpkgs"
      },
      "locked": {
        "lastModified": 1666998744,
        "narHash": "sha256-VnVJyn9PH71SJKZO6SJA6Gc3S4HXE626ZJVw5mFPirk=",
        "ref": "refs/heads/master",
        "rev": "e3e5e0a86738567b876fca77f900c9ae411da39c",
        "revCount": 143,
        "type": "git",
        "url": "file:///home/matt/code/6502/fake6502"
      },
      "original": {
        "type": "git",
        "url": "file:///home/matt/code/6502/fake6502"
      }
    },
    "nixpkgs": {
      "locked": {
        "lastModified": 0,
        "narHash": "sha256-oXB5ja4SdmnPowBIAmEsgfrx8HPziEs6GXoy1mJ4eRI=",
        "path": "/nix/store/3p37fyinfd98n3z4ybb7awxm5561xc2b-source",
        "type": "path"
      },
      "original": {
        "id": "nixpkgs",
        "type": "indirect"
      }
    },
    "nixpkgs_2": {
      "locked": {
        "lastModified": 0,
        "narHash": "sha256-oXB5ja4SdmnPowBIAmEsgfrx8HPziEs6GXoy1mJ4eRI=",
        "path": "/nix/store/3p37fyinfd98n3z4ybb7awxm5561xc2b-source",
        "type": "path"
      },
      "original": {
        "id": "nixpkgs",
        "type": "indirect"
      }
    },
    "root": {
      "inputs": {
        "fake6502": "fake6502",
        "nixpkgs": "nixpkgs_2"
      }
    }
  },
  "root": "root",
  "version": 7
}
